// !$*UTF8*$!
{
	archiveVersion = 1;
	classes = {
	};
	objectVersion = 50;
	objects = {

/* Begin PBXBuildFile section */
		6402893421B28D4D00D00443 /* SearchSong.swift in Sources */ = {isa = PBXBuildFile; fileRef = 6402893321B28D4C00D00443 /* SearchSong.swift */; };
		6402893621B2A21B00D00443 /* SongResult.swift in Sources */ = {isa = PBXBuildFile; fileRef = 6402893521B2A21B00D00443 /* SongResult.swift */; };
		6402893B21B2A98500D00443 /* SongTableViewCell.swift in Sources */ = {isa = PBXBuildFile; fileRef = 6402893921B2A98500D00443 /* SongTableViewCell.swift */; };
		64488F4921B5A4E40093A654 /* ExtensionImageView.swift in Sources */ = {isa = PBXBuildFile; fileRef = 64488F4821B5A4E40093A654 /* ExtensionImageView.swift */; };
		645D775321AD520B00EB3DA3 /* AppDelegate.swift in Sources */ = {isa = PBXBuildFile; fileRef = 645D775221AD520B00EB3DA3 /* AppDelegate.swift */; };
		645D775821AD520B00EB3DA3 /* Main.storyboard in Resources */ = {isa = PBXBuildFile; fileRef = 645D775621AD520B00EB3DA3 /* Main.storyboard */; };
		645D775A21AD520C00EB3DA3 /* Assets.xcassets in Resources */ = {isa = PBXBuildFile; fileRef = 645D775921AD520C00EB3DA3 /* Assets.xcassets */; };
		645D775D21AD520C00EB3DA3 /* LaunchScreen.storyboard in Resources */ = {isa = PBXBuildFile; fileRef = 645D775B21AD520C00EB3DA3 /* LaunchScreen.storyboard */; };
		645D776521AD65B700EB3DA3 /* SearchViewController.swift in Sources */ = {isa = PBXBuildFile; fileRef = 645D776421AD65B700EB3DA3 /* SearchViewController.swift */; };
		645D776921AD65FE00EB3DA3 /* ResultViewController.swift in Sources */ = {isa = PBXBuildFile; fileRef = 645D776821AD65FE00EB3DA3 /* ResultViewController.swift */; };
		645D776B21AD67DE00EB3DA3 /* AlbumCollectionViewCell.swift in Sources */ = {isa = PBXBuildFile; fileRef = 645D776A21AD67DE00EB3DA3 /* AlbumCollectionViewCell.swift */; };
		645D776E21AD69AD00EB3DA3 /* AlbumResult.swift in Sources */ = {isa = PBXBuildFile; fileRef = 645D776D21AD69AD00EB3DA3 /* AlbumResult.swift */; };
		645D777121AD752A00EB3DA3 /* SearchAlbums.swift in Sources */ = {isa = PBXBuildFile; fileRef = 645D777021AD752A00EB3DA3 /* SearchAlbums.swift */; };
/* End PBXBuildFile section */

/* Begin PBXFileReference section */
		6402893321B28D4C00D00443 /* SearchSong.swift */ = {isa = PBXFileReference; lastKnownFileType = sourcecode.swift; path = SearchSong.swift; sourceTree = "<group>"; };
		6402893521B2A21B00D00443 /* SongResult.swift */ = {isa = PBXFileReference; lastKnownFileType = sourcecode.swift; path = SongResult.swift; sourceTree = "<group>"; };
		6402893921B2A98500D00443 /* SongTableViewCell.swift */ = {isa = PBXFileReference; lastKnownFileType = sourcecode.swift; path = SongTableViewCell.swift; sourceTree = "<group>"; };
		64488F4821B5A4E40093A654 /* ExtensionImageView.swift */ = {isa = PBXFileReference; lastKnownFileType = sourcecode.swift; path = ExtensionImageView.swift; sourceTree = "<group>"; };
		645D774F21AD520B00EB3DA3 /* searchAlbumsiTunesAPI.app */ = {isa = PBXFileReference; explicitFileType = wrapper.application; includeInIndex = 0; path = searchAlbumsiTunesAPI.app; sourceTree = BUILT_PRODUCTS_DIR; };
		645D775221AD520B00EB3DA3 /* AppDelegate.swift */ = {isa = PBXFileReference; lastKnownFileType = sourcecode.swift; path = AppDelegate.swift; sourceTree = "<group>"; };
		645D775721AD520B00EB3DA3 /* Base */ = {isa = PBXFileReference; lastKnownFileType = file.storyboard; name = Base; path = Base.lproj/Main.storyboard; sourceTree = "<group>"; };
		645D775921AD520C00EB3DA3 /* Assets.xcassets */ = {isa = PBXFileReference; lastKnownFileType = folder.assetcatalog; path = Assets.xcassets; sourceTree = "<group>"; };
		645D775C21AD520C00EB3DA3 /* Base */ = {isa = PBXFileReference; lastKnownFileType = file.storyboard; name = Base; path = Base.lproj/LaunchScreen.storyboard; sourceTree = "<group>"; };
		645D775E21AD520C00EB3DA3 /* Info.plist */ = {isa = PBXFileReference; lastKnownFileType = text.plist.xml; path = Info.plist; sourceTree = "<group>"; };
		645D776421AD65B700EB3DA3 /* SearchViewController.swift */ = {isa = PBXFileReference; lastKnownFileType = sourcecode.swift; path = SearchViewController.swift; sourceTree = "<group>"; };
		645D776821AD65FE00EB3DA3 /* ResultViewController.swift */ = {isa = PBXFileReference; lastKnownFileType = sourcecode.swift; path = ResultViewController.swift; sourceTree = "<group>"; };
		645D776A21AD67DE00EB3DA3 /* AlbumCollectionViewCell.swift */ = {isa = PBXFileReference; lastKnownFileType = sourcecode.swift; path = AlbumCollectionViewCell.swift; sourceTree = "<group>"; };
		645D776D21AD69AD00EB3DA3 /* AlbumResult.swift */ = {isa = PBXFileReference; lastKnownFileType = sourcecode.swift; path = AlbumResult.swift; sourceTree = "<group>"; };
		645D777021AD752A00EB3DA3 /* SearchAlbums.swift */ = {isa = PBXFileReference; lastKnownFileType = sourcecode.swift; path = SearchAlbums.swift; sourceTree = "<group>"; };
/* End PBXFileReference section */

/* Begin PBXFrameworksBuildPhase section */
		645D774C21AD520A00EB3DA3 /* Frameworks */ = {
			isa = PBXFrameworksBuildPhase;
			buildActionMask = 2147483647;
			files = (
			);
			runOnlyForDeploymentPostprocessing = 0;
		};
/* End PBXFrameworksBuildPhase section */

/* Begin PBXGroup section */
		64488F4421B5A2FF0093A654 /* Supporting Files */ = {
			isa = PBXGroup;
			children = (
				645D775E21AD520C00EB3DA3 /* Info.plist */,
			);
			path = "Supporting Files";
			sourceTree = "<group>";
		};
		64488F4521B5A3A10093A654 /* Resuorces */ = {
			isa = PBXGroup;
			children = (
				645D775921AD520C00EB3DA3 /* Assets.xcassets */,
			);
			path = Resuorces;
			sourceTree = "<group>";
		};
		64488F4621B5A44D0093A654 /* Application Delegate */ = {
			isa = PBXGroup;
			children = (
				645D775221AD520B00EB3DA3 /* AppDelegate.swift */,
			);
			path = "Application Delegate";
			sourceTree = "<group>";
		};
		64488F4721B5A4960093A654 /* Extensions  */ = {
			isa = PBXGroup;
			children = (
				64488F4821B5A4E40093A654 /* ExtensionImageView.swift */,
			);
			name = "Extensions ";
			path = Controller;
			sourceTree = "<group>";
		};
		645D774621AD520A00EB3DA3 = {
			isa = PBXGroup;
			children = (
				645D775121AD520B00EB3DA3 /* searchAlbumsiTunesAPI */,
				645D775021AD520B00EB3DA3 /* Products */,
			);
			sourceTree = "<group>";
		};
		645D775021AD520B00EB3DA3 /* Products */ = {
			isa = PBXGroup;
			children = (
				645D774F21AD520B00EB3DA3 /* searchAlbumsiTunesAPI.app */,
			);
			name = Products;
			sourceTree = "<group>";
		};
		645D775121AD520B00EB3DA3 /* searchAlbumsiTunesAPI */ = {
			isa = PBXGroup;
			children = (
				64488F4621B5A44D0093A654 /* Application Delegate */,
				645D776C21AD699500EB3DA3 /* Model */,
				645D776721AD65DF00EB3DA3 /* View */,
				64488F4721B5A4960093A654 /* Extensions  */,
				645D776621AD65C300EB3DA3 /* Controller */,
				64488F4521B5A3A10093A654 /* Resuorces */,
				64488F4421B5A2FF0093A654 /* Supporting Files */,
			);
			path = searchAlbumsiTunesAPI;
			sourceTree = "<group>";
		};
		645D776621AD65C300EB3DA3 /* Controller */ = {
			isa = PBXGroup;
			children = (
				645D776F21AD750300EB3DA3 /* WEB */,
				645D776421AD65B700EB3DA3 /* SearchViewController.swift */,
				645D776821AD65FE00EB3DA3 /* ResultViewController.swift */,
			);
			path = Controller;
			sourceTree = "<group>";
		};
		645D776721AD65DF00EB3DA3 /* View */ = {
			isa = PBXGroup;
			children = (
				645D775621AD520B00EB3DA3 /* Main.storyboard */,
				645D775B21AD520C00EB3DA3 /* LaunchScreen.storyboard */,
				645D776A21AD67DE00EB3DA3 /* AlbumCollectionViewCell.swift */,
				6402893921B2A98500D00443 /* SongTableViewCell.swift */,
			);
			path = View;
			sourceTree = "<group>";
		};
		645D776C21AD699500EB3DA3 /* Model */ = {
			isa = PBXGroup;
			children = (
				645D776D21AD69AD00EB3DA3 /* AlbumResult.swift */,
				6402893521B2A21B00D00443 /* SongResult.swift */,
			);
			path = Model;
			sourceTree = "<group>";
		};
		645D776F21AD750300EB3DA3 /* WEB */ = {
			isa = PBXGroup;
			children = (
				645D777021AD752A00EB3DA3 /* SearchAlbums.swift */,
				6402893321B28D4C00D00443 /* SearchSong.swift */,
			);
			name = WEB;
			sourceTree = "<group>";
		};
/* End PBXGroup section */

/* Begin PBXNativeTarget section */
		645D774E21AD520A00EB3DA3 /* searchAlbumsiTunesAPI */ = {
			isa = PBXNativeTarget;
			buildConfigurationList = 645D776121AD520C00EB3DA3 /* Build configuration list for PBXNativeTarget "searchAlbumsiTunesAPI" */;
			buildPhases = (
				645D774B21AD520A00EB3DA3 /* Sources */,
				645D774C21AD520A00EB3DA3 /* Frameworks */,
				645D774D21AD520A00EB3DA3 /* Resources */,
			);
			buildRules = (
			);
			dependencies = (
			);
			name = searchAlbumsiTunesAPI;
			productName = searchAlbomsiTunesAPI;
			productReference = 645D774F21AD520B00EB3DA3 /* searchAlbumsiTunesAPI.app */;
			productType = "com.apple.product-type.application";
		};
/* End PBXNativeTarget section */

/* Begin PBXProject section */
		645D774721AD520A00EB3DA3 /* Project object */ = {
			isa = PBXProject;
			attributes = {
				LastSwiftUpdateCheck = 1010;
				LastUpgradeCheck = 1010;
				ORGANIZATIONNAME = "Arthur Narimanov";
				TargetAttributes = {
					645D774E21AD520A00EB3DA3 = {
						CreatedOnToolsVersion = 10.1;
					};
				};
			};
			buildConfigurationList = 645D774A21AD520A00EB3DA3 /* Build configuration list for PBXProject "searchAlbumsiTunesAPI" */;
			compatibilityVersion = "Xcode 9.3";
			developmentRegion = en;
			hasScannedForEncodings = 0;
			knownRegions = (
				en,
				Base,
			);
			mainGroup = 645D774621AD520A00EB3DA3;
			productRefGroup = 645D775021AD520B00EB3DA3 /* Products */;
			projectDirPath = "";
			projectRoot = "";
			targets = (
				645D774E21AD520A00EB3DA3 /* searchAlbumsiTunesAPI */,
			);
		};
/* End PBXProject section */

/* Begin PBXResourcesBuildPhase section */
		645D774D21AD520A00EB3DA3 /* Resources */ = {
			isa = PBXResourcesBuildPhase;
			buildActionMask = 2147483647;
			files = (
				645D775D21AD520C00EB3DA3 /* LaunchScreen.storyboard in Resources */,
				645D775A21AD520C00EB3DA3 /* Assets.xcassets in Resources */,
				645D775821AD520B00EB3DA3 /* Main.storyboard in Resources */,
			);
			runOnlyForDeploymentPostprocessing = 0;
		};
/* End PBXResourcesBuildPhase section */

/* Begin PBXSourcesBuildPhase section */
		645D774B21AD520A00EB3DA3 /* Sources */ = {
			isa = PBXSourcesBuildPhase;
			buildActionMask = 2147483647;
			files = (
				645D776521AD65B700EB3DA3 /* SearchViewController.swift in Sources */,
				6402893621B2A21B00D00443 /* SongResult.swift in Sources */,
				645D776E21AD69AD00EB3DA3 /* AlbumResult.swift in Sources */,
				645D775321AD520B00EB3DA3 /* AppDelegate.swift in Sources */,
				64488F4921B5A4E40093A654 /* ExtensionImageView.swift in Sources */,
				645D776B21AD67DE00EB3DA3 /* AlbumCollectionViewCell.swift in Sources */,
				6402893421B28D4D00D00443 /* SearchSong.swift in Sources */,
				6402893B21B2A98500D00443 /* SongTableViewCell.swift in Sources */,
				645D776921AD65FE00EB3DA3 /* ResultViewController.swift in Sources */,
				645D777121AD752A00EB3DA3 /* SearchAlbums.swift in Sources */,
			);
			runOnlyForDeploymentPostprocessing = 0;
		};
/* End PBXSourcesBuildPhase section */

/* Begin PBXVariantGroup section */
		645D775621AD520B00EB3DA3 /* Main.storyboard */ = {
			isa = PBXVariantGroup;
			children = (
				645D775721AD520B00EB3DA3 /* Base */,
			);
			name = Main.storyboard;
			sourceTree = "<group>";
		};
		645D775B21AD520C00EB3DA3 /* LaunchScreen.storyboard */ = {
			isa = PBXVariantGroup;
			children = (
				645D775C21AD520C00EB3DA3 /* Base */,
			);
			name = LaunchScreen.storyboard;
			sourceTree = "<group>";
		};
/* End PBXVariantGroup section */

/* Begin XCBuildConfiguration section */
		645D775F21AD520C00EB3DA3 /* Debug */ = {
			isa = XCBuildConfiguration;
			buildSettings = {
				ALWAYS_SEARCH_USER_PATHS = NO;
				CLANG_ANALYZER_NONNULL = YES;
				CLANG_ANALYZER_NUMBER_OBJECT_CONVERSION = YES_AGGRESSIVE;
				CLANG_CXX_LANGUAGE_STANDARD = "gnu++14";
				CLANG_CXX_LIBRARY = "libc++";
				CLANG_ENABLE_MODULES = YES;
				CLANG_ENABLE_OBJC_ARC = YES;
				CLANG_ENABLE_OBJC_WEAK = YES;
				CLANG_WARN_BLOCK_CAPTURE_AUTORELEASING = YES;
				CLANG_WARN_BOOL_CONVERSION = YES;
				CLANG_WARN_COMMA = YES;
				CLANG_WARN_CONSTANT_CONVERSION = YES;
				CLANG_WARN_DEPRECATED_OBJC_IMPLEMENTATIONS = YES;
				CLANG_WARN_DIRECT_OBJC_ISA_USAGE = YES_ERROR;
				CLANG_WARN_DOCUMENTATION_COMMENTS = YES;
				CLANG_WARN_EMPTY_BODY = YES;
				CLANG_WARN_ENUM_CONVERSION = YES;
				CLANG_WARN_INFINITE_RECURSION = YES;
				CLANG_WARN_INT_CONVERSION = YES;
				CLANG_WARN_NON_LITERAL_NULL_CONVERSION = YES;
				CLANG_WARN_OBJC_IMPLICIT_RETAIN_SELF = YES;
				CLANG_WARN_OBJC_LITERAL_CONVERSION = YES;
				CLANG_WARN_OBJC_ROOT_CLASS = YES_ERROR;
				CLANG_WARN_RANGE_LOOP_ANALYSIS = YES;
				CLANG_WARN_STRICT_PROTOTYPES = YES;
				CLANG_WARN_SUSPICIOUS_MOVE = YES;
				CLANG_WARN_UNGUARDED_AVAILABILITY = YES_AGGRESSIVE;
				CLANG_WARN_UNREACHABLE_CODE = YES;
				CLANG_WARN__DUPLICATE_METHOD_MATCH = YES;
				CODE_SIGN_IDENTITY = "iPhone Developer";
				COPY_PHASE_STRIP = NO;
				DEBUG_INFORMATION_FORMAT = dwarf;
				ENABLE_STRICT_OBJC_MSGSEND = YES;
				ENABLE_TESTABILITY = YES;
				GCC_C_LANGUAGE_STANDARD = gnu11;
				GCC_DYNAMIC_NO_PIC = NO;
				GCC_NO_COMMON_BLOCKS = YES;
				GCC_OPTIMIZATION_LEVEL = fast;
				GCC_PREPROCESSOR_DEFINITIONS = (
					"DEBUG=1",
					"$(inherited)",
				);
				GCC_WARN_64_TO_32_BIT_CONVERSION = YES;
				GCC_WARN_ABOUT_RETURN_TYPE = YES_ERROR;
				GCC_WARN_UNDECLARED_SELECTOR = YES;
				GCC_WARN_UNINITIALIZED_AUTOS = YES_AGGRESSIVE;
				GCC_WARN_UNUSED_FUNCTION = YES;
				GCC_WARN_UNUSED_VARIABLE = YES;
				IPHONEOS_DEPLOYMENT_TARGET = 10.0;
				MTL_ENABLE_DEBUG_INFO = INCLUDE_SOURCE;
				MTL_FAST_MATH = YES;
				ONLY_ACTIVE_ARCH = YES;
				SDKROOT = iphoneos;
				SWIFT_ACTIVE_COMPILATION_CONDITIONS = DEBUG;
				SWIFT_OPTIMIZATION_LEVEL = "-Onone";
			};
			name = Debug;
		};
		645D776021AD520C00EB3DA3 /* Release */ = {
			isa = XCBuildConfiguration;
			buildSettings = {
				ALWAYS_SEARCH_USER_PATHS = NO;
				CLANG_ANALYZER_NONNULL = YES;
				CLANG_ANALYZER_NUMBER_OBJECT_CONVERSION = YES_AGGRESSIVE;
				CLANG_CXX_LANGUAGE_STANDARD = "gnu++14";
				CLANG_CXX_LIBRARY = "libc++";
				CLANG_ENABLE_MODULES = YES;
				CLANG_ENABLE_OBJC_ARC = YES;
				CLANG_ENABLE_OBJC_WEAK = YES;
				CLANG_WARN_BLOCK_CAPTURE_AUTORELEASING = YES;
				CLANG_WARN_BOOL_CONVERSION = YES;
				CLANG_WARN_COMMA = YES;
				CLANG_WARN_CONSTANT_CONVERSION = YES;
				CLANG_WARN_DEPRECATED_OBJC_IMPLEMENTATIONS = YES;
				CLANG_WARN_DIRECT_OBJC_ISA_USAGE = YES_ERROR;
				CLANG_WARN_DOCUMENTATION_COMMENTS = YES;
				CLANG_WARN_EMPTY_BODY = YES;
				CLANG_WARN_ENUM_CONVERSION = YES;
				CLANG_WARN_INFINITE_RECURSION = YES;
				CLANG_WARN_INT_CONVERSION = YES;
				CLANG_WARN_NON_LITERAL_NULL_CONVERSION = YES;
				CLANG_WARN_OBJC_IMPLICIT_RETAIN_SELF = YES;
				CLANG_WARN_OBJC_LITERAL_CONVERSION = YES;
				CLANG_WARN_OBJC_ROOT_CLASS = YES_ERROR;
				CLANG_WARN_RANGE_LOOP_ANALYSIS = YES;
				CLANG_WARN_STRICT_PROTOTYPES = YES;
				CLANG_WARN_SUSPICIOUS_MOVE = YES;
				CLANG_WARN_UNGUARDED_AVAILABILITY = YES_AGGRESSIVE;
				CLANG_WARN_UNREACHABLE_CODE = YES;
				CLANG_WARN__DUPLICATE_METHOD_MATCH = YES;
				CODE_SIGN_IDENTITY = "iPhone Developer";
				COPY_PHASE_STRIP = NO;
				DEBUG_INFORMATION_FORMAT = "dwarf-with-dsym";
				ENABLE_NS_ASSERTIONS = NO;
				ENABLE_STRICT_OBJC_MSGSEND = YES;
				GCC_C_LANGUAGE_STANDARD = gnu11;
				GCC_NO_COMMON_BLOCKS = YES;
				GCC_WARN_64_TO_32_BIT_CONVERSION = YES;
				GCC_WARN_ABOUT_RETURN_TYPE = YES_ERROR;
				GCC_WARN_UNDECLARED_SELECTOR = YES;
				GCC_WARN_UNINITIALIZED_AUTOS = YES_AGGRESSIVE;
				GCC_WARN_UNUSED_FUNCTION = YES;
				GCC_WARN_UNUSED_VARIABLE = YES;
				IPHONEOS_DEPLOYMENT_TARGET = 10.0;
				MTL_ENABLE_DEBUG_INFO = NO;
				MTL_FAST_MATH = YES;
				SDKROOT = iphoneos;
				SWIFT_COMPILATION_MODE = wholemodule;
				SWIFT_OPTIMIZATION_LEVEL = "-O";
				VALIDATE_PRODUCT = YES;
			};
			name = Release;
		};
		645D776221AD520C00EB3DA3 /* Debug */ = {
			isa = XCBuildConfiguration;
			buildSettings = {
				ASSETCATALOG_COMPILER_APPICON_NAME = AppIcon;
				CODE_SIGN_STYLE = Automatic;
				DEVELOPMENT_TEAM = P626YM5XL2;
				INFOPLIST_FILE = "$(SRCROOT)/searchAlbumsiTunesAPI/Supporting Files/Info.plist";
				IPHONEOS_DEPLOYMENT_TARGET = 10.0;
				LD_RUNPATH_SEARCH_PATHS = (
					"$(inherited)",
					"@executable_path/Frameworks",
				);
				PRODUCT_BUNDLE_IDENTIFIER = Arthur.Narimanov.searchAlbomsiTunesAPI;
				PRODUCT_NAME = "$(TARGET_NAME)";
				SWIFT_VERSION = 4.2;
				TARGETED_DEVICE_FAMILY = 1;
			};
			name = Debug;
		};
		645D776321AD520C00EB3DA3 /* Release */ = {
			isa = XCBuildConfiguration;
			buildSettings = {
				ASSETCATALOG_COMPILER_APPICON_NAME = AppIcon;
				CODE_SIGN_STYLE = Automatic;
				DEVELOPMENT_TEAM = P626YM5XL2;
				INFOPLIST_FILE = "$(SRCROOT)/searchAlbumsiTunesAPI/Supporting Files/Info.plist";
				IPHONEOS_DEPLOYMENT_TARGET = 10.0;
				LD_RUNPATH_SEARCH_PATHS = (
					"$(inherited)",
					"@executable_path/Frameworks",
				);
				PRODUCT_BUNDLE_IDENTIFIER = Arthur.Narimanov.searchAlbomsiTunesAPI;
				PRODUCT_NAME = "$(TARGET_NAME)";
				SWIFT_VERSION = 4.2;
				TARGETED_DEVICE_FAMILY = 1;
			};
			name = Release;
		};
/* End XCBuildConfiguration section */

/* Begin XCConfigurationList section */
		645D774A21AD520A00EB3DA3 /* Build configuration list for PBXProject "searchAlbumsiTunesAPI" */ = {
			isa = XCConfigurationList;
			buildConfigurations = (
				645D775F21AD520C00EB3DA3 /* Debug */,
				645D776021AD520C00EB3DA3 /* Release */,
			);
			defaultConfigurationIsVisible = 0;
			defaultConfigurationName = Release;
		};
		645D776121AD520C00EB3DA3 /* Build configuration list for PBXNativeTarget "searchAlbumsiTunesAPI" */ = {
			isa = XCConfigurationList;
			buildConfigurations = (
				645D776221AD520C00EB3DA3 /* Debug */,
				645D776321AD520C00EB3DA3 /* Release */,
			);
			defaultConfigurationIsVisible = 0;
			defaultConfigurationName = Release;
		};
/* End XCConfigurationList section */
	};
	rootObject = 645D774721AD520A00EB3DA3 /* Project object */;
}
